
Microsoft Visual Studio Solution File, Format Version 12.00
# Visual Studio 15
VisualStudioVersion = 15.0.28307.329
MinimumVisualStudioVersion = 10.0.40219.1
Project("{8BC9CEB8-8B4A-11D0-8D11-00A0C91BC942}") = "Part 3 simulation", "Part 3 simulation\Part 3 simulation.vcxproj", "{4E961BA9-F360-4BB6-ADCB-BA48417AB4CF}"
EndProject
Global
	GlobalSection(SolutionConfigurationPlatforms) = preSolution
		Debug|x64 = Debug|x64
		Debug|x86 = Debug|x86
		Release|x64 = Release|x64
		Release|x86 = Release|x86
	EndGlobalSection
	GlobalSection(ProjectConfigurationPlatforms) = postSolution
		{4E961BA9-F360-4BB6-ADCB-BA48417AB4CF}.Debug|x64.ActiveCfg = Debug|x64
		{4E961BA9-F360-4BB6-ADCB-BA48417AB4CF}.Debug|x64.Build.0 = Debug|x64
		{4E961BA9-F360-4BB6-ADCB-BA48417AB4CF}.Debug|x86.ActiveCfg = Debug|Win32
		{4E961BA9-F360-4BB6-ADCB-BA48417AB4CF}.Debug|x86.Build.0 = Debug|Win32
		{4E961BA9-F360-4BB6-ADCB-BA48417AB4CF}.Release|x64.ActiveCfg = Release|x64
		{4E961BA9-F360-4BB6-ADCB-BA48417AB4CF}.Release|x64.Build.0 = Release|x64
		{4E961BA9-F360-4BB6-ADCB-BA48417AB4CF}.Release|x86.ActiveCfg = Release|Win32
		{4E961BA9-F360-4BB6-ADCB-BA48417AB4CF}.Release|x86.Build.0 = Release|Win32
	EndGlobalSection
	GlobalSection(SolutionProperties) = preSolution
		HideSolutionNode = FALSE
	EndGlobalSection
	GlobalSection(ExtensibilityGlobals) = postSolution
		SolutionGuid = {839E1F6C-9FF2-4DFA-8D87-763E2DE98429}
	EndGlobalSection
EndGlobal
